{
  "name": "london804-frame-print",
  "version": "1.0.0",
  "lockfileVersion": 2,
  "requires": true,
  "packages": {
    "": {
      "name": "london804-frame-print",
      "version": "1.0.0",
      "license": "ISC",
      "dependencies": {
        "london804-frame-print": "^1.0.0"
      }
    },
    "node_modules/london804-frame-print": {
      "version": "1.0.0",
      "resolved": "https://registry.npmjs.org/london804-frame-print/-/london804-frame-print-1.0.0.tgz",
      "integrity": "sha512-AGOboaJW2OUvVZxTQxDQdmd445x5OkjJ127XhRnyAvt0DSDjJh5KMKBpegxJXu/u4VokKcQ/3SU8UXiFRrqFuA=="
    }
  },
  "dependencies": {
    "london804-frame-print": {
      "version": "1.0.0",
      "resolved": "https://registry.npmjs.org/london804-frame-print/-/london804-frame-print-1.0.0.tgz",
      "integrity": "sha512-AGOboaJW2OUvVZxTQxDQdmd445x5OkjJ127XhRnyAvt0DSDjJh5KMKBpegxJXu/u4VokKcQ/3SU8UXiFRrqFuA=="
    }
  }
}
